// !$*UTF8*$!
{
	archiveVersion = 1;
	classes = {
	};
	objectVersion = 46;
	objects = {

/* Begin PBXBuildFile section */
		FF314C951E7364E2008A1D68 /* AppDelegate.swift in Sources */ = {isa = PBXBuildFile; fileRef = FF314C941E7364E2008A1D68 /* AppDelegate.swift */; };
		FF314C971E7364E2008A1D68 /* ViewController.swift in Sources */ = {isa = PBXBuildFile; fileRef = FF314C961E7364E2008A1D68 /* ViewController.swift */; };
		FF314C9A1E7364E2008A1D68 /* Main.storyboard in Resources */ = {isa = PBXBuildFile; fileRef = FF314C981E7364E2008A1D68 /* Main.storyboard */; };
		FF314C9C1E7364E2008A1D68 /* Assets.xcassets in Resources */ = {isa = PBXBuildFile; fileRef = FF314C9B1E7364E2008A1D68 /* Assets.xcassets */; };
		FF314C9F1E7364E2008A1D68 /* LaunchScreen.storyboard in Resources */ = {isa = PBXBuildFile; fileRef = FF314C9D1E7364E2008A1D68 /* LaunchScreen.storyboard */; };
/* End PBXBuildFile section */

/* Begin PBXFileReference section */
		FF314C911E7364E2008A1D68 /* GitDemo.app */ = {isa = PBXFileReference; explicitFileType = wrapper.application; includeInIndex = 0; path = GitDemo.app; sourceTree = BUILT_PRODUCTS_DIR; };
		FF314C941E7364E2008A1D68 /* AppDelegate.swift */ = {isa = PBXFileReference; lastKnownFileType = sourcecode.swift; path = AppDelegate.swift; sourceTree = "<group>"; };
		FF314C961E7364E2008A1D68 /* ViewController.swift */ = {isa = PBXFileReference; lastKnownFileType = sourcecode.swift; path = ViewController.swift; sourceTree = "<group>"; };
		FF314C991E7364E2008A1D68 /* Base */ = {isa = PBXFileReference; lastKnownFileType = file.storyboard; name = Base; path = Base.lproj/Main.storyboard; sourceTree = "<group>"; };
		FF314C9B1E7364E2008A1D68 /* Assets.xcassets */ = {isa = PBXFileReference; lastKnownFileType = folder.assetcatalog; path = Assets.xcassets; sourceTree = "<group>"; };
		FF314C9E1E7364E2008A1D68 /* Base */ = {isa = PBXFileReference; lastKnownFileType = file.storyboard; name = Base; path = Base.lproj/LaunchScreen.storyboard; sourceTree = "<group>"; };
		FF314CA01E7364E2008A1D68 /* Info.plist */ = {isa = PBXFileReference; lastKnownFileType = text.plist.xml; path = Info.plist; sourceTree = "<group>"; };
/* End PBXFileReference section */

/* Begin PBXFrameworksBuildPhase section */
		FF314C8E1E7364E2008A1D68 /* Frameworks */ = {
			isa = PBXFrameworksBuildPhase;
			buildActionMask = 2147483647;
			files = (
			);
			runOnlyForDeploymentPostprocessing = 0;
		};
/* End PBXFrameworksBuildPhase section */

/* Begin PBXGroup section */
		FF314C881E7364E2008A1D68 = {
			isa = PBXGroup;
			children = (
				FF314C931E7364E2008A1D68 /* GitDemo */,
				FF314C921E7364E2008A1D68 /* Products */,
			);
			sourceTree = "<group>";
		};
		FF314C921E7364E2008A1D68 /* Products */ = {
			isa = PBXGroup;
			children = (
				FF314C911E7364E2008A1D68 /* GitDemo.app */,
			);
			name = Products;
			sourceTree = "<group>";
		};
		FF314C931E7364E2008A1D68 /* GitDemo */ = {
			isa = PBXGroup;
			children = (
				FF314C941E7364E2008A1D68 /* AppDelegate.swift */,
				FF314C961E7364E2008A1D68 /* ViewController.swift */,
				FF314C981E7364E2008A1D68 /* Main.storyboard */,
				FF314C9B1E7364E2008A1D68 /* Assets.xcassets */,
				FF314C9D1E7364E2008A1D68 /* LaunchScreen.storyboard */,
				FF314CA01E7364E2008A1D68 /* Info.plist */,
			);
			path = GitDemo;
			sourceTree = "<group>";
		};
/* End PBXGroup section */

/* Begin PBXNativeTarget section */
		FF314C901E7364E2008A1D68 /* GitDemo */ = {
			isa = PBXNativeTarget;
			buildConfigurationList = FF314CA31E7364E2008A1D68 /* Build configuration list for PBXNativeTarget "GitDemo" */;
			buildPhases = (
				FF314C8D1E7364E2008A1D68 /* Sources */,
				FF314C8E1E7364E2008A1D68 /* Frameworks */,
				FF314C8F1E7364E2008A1D68 /* Resources */,
			);
			buildRules = (
			);
			dependencies = (
			);
			name = GitDemo;
			productName = GitDemo;
			productReference = FF314C911E7364E2008A1D68 /* GitDemo.app */;
			productType = "com.apple.product-type.application";
		};
/* End PBXNativeTarget section */

/* Begin PBXProject section */
		FF314C891E7364E2008A1D68 /* Project object */ = {
			isa = PBXProject;
			attributes = {
				LastSwiftUpdateCheck = 0830;
				LastUpgradeCheck = 0830;
				ORGANIZATIONNAME = "Trương Thắng";
				TargetAttributes = {
					FF314C901E7364E2008A1D68 = {
						CreatedOnToolsVersion = 8.3;
						DevelopmentTeam = 56AJJ634ZU;
						ProvisioningStyle = Automatic;
					};
				};
			};
			buildConfigurationList = FF314C8C1E7364E2008A1D68 /* Build configuration list for PBXProject "GitDemo" */;
			compatibilityVersion = "Xcode 3.2";
			developmentRegion = English;
			hasScannedForEncodings = 0;
			knownRegions = (
				en,
				Base,
			);
			mainGroup = FF314C881E7364E2008A1D68;
			productRefGroup = FF314C921E7364E2008A1D68 /* Products */;
			projectDirPath = "";
			projectRoot = "";
			targets = (
				FF314C901E7364E2008A1D68 /* GitDemo */,
			);
		};
/* End PBXProject section */

/* Begin PBXResourcesBuildPhase section */
		FF314C8F1E7364E2008A1D68 /* Resources */ = {
			isa = PBXResourcesBuildPhase;
			buildActionMask = 2147483647;
			files = (
				FF314C9F1E7364E2008A1D68 /* LaunchScreen.storyboard in Resources */,
				FF314C9C1E7364E2008A1D68 /* Assets.xcassets in Resources */,
				FF314C9A1E7364E2008A1D68 /* Main.storyboard in Resources */,
			);
			runOnlyForDeploymentPostprocessing = 0;
		};
/* End PBXResourcesBuildPhase section */

/* Begin PBXSourcesBuildPhase section */
		FF314C8D1E7364E2008A1D68 /* Sources */ = {
			isa = PBXSourcesBuildPhase;
			buildActionMask = 2147483647;
			files = (
				FF314C971E7364E2008A1D68 /* ViewController.swift in Sources */,
				FF314C951E7364E2008A1D68 /* AppDelegate.swift in Sources */,
			);
			runOnlyForDeploymentPostprocessing = 0;
		};
/* End PBXSourcesBuildPhase section */

/* Begin PBXVariantGroup section */
		FF314C981E7364E2008A1D68 /* Main.storyboard */ = {
			isa = PBXVariantGroup;
			children = (
				FF314C991E7364E2008A1D68 /* Base */,
			);
			name = Main.storyboard;
			sourceTree = "<group>";
		};
		FF314C9D1E7364E2008A1D68 /* LaunchScreen.storyboard */ = {
			isa = PBXVariantGroup;
			children = (
				FF314C9E1E7364E2008A1D68 /* Base */,
			);
			name = LaunchScreen.storyboard;
			sourceTree = "<group>";
		};
/* End PBXVariantGroup section */

/* Begin XCBuildConfiguration section */
		FF314CA11E7364E2008A1D68 /* Debug */ = {
			isa = XCBuildConfiguration;
			buildSettings = {
				ALWAYS_SEARCH_USER_PATHS = NO;
				CLANG_ANALYZER_NONNULL = YES;
				CLANG_ANALYZER_NUMBER_OBJECT_CONVERSION = YES_AGGRESSIVE;
				CLANG_CXX_LANGUAGE_STANDARD = "gnu++0x";
				CLANG_CXX_LIBRARY = "libc++";
				CLANG_ENABLE_MODULES = YES;
				CLANG_ENABLE_OBJC_ARC = YES;
				CLANG_WARN_BOOL_CONVERSION = YES;
				CLANG_WARN_CONSTANT_CONVERSION = YES;
				CLANG_WARN_DIRECT_OBJC_ISA_USAGE = YES_ERROR;
				CLANG_WARN_DOCUMENTATION_COMMENTS = YES;
				CLANG_WARN_EMPTY_BODY = YES;
				CLANG_WARN_ENUM_CONVERSION = YES;
				CLANG_WARN_INFINITE_RECURSION = YES;
				CLANG_WARN_INT_CONVERSION = YES;
				CLANG_WARN_OBJC_ROOT_CLASS = YES_ERROR;
				CLANG_WARN_SUSPICIOUS_MOVE = YES;
				CLANG_WARN_UNREACHABLE_CODE = YES;
				CLANG_WARN__DUPLICATE_METHOD_MATCH = YES;
				"CODE_SIGN_IDENTITY[sdk=iphoneos*]" = "iPhone Developer";
				COPY_PHASE_STRIP = NO;
				DEBUG_INFORMATION_FORMAT = dwarf;
				ENABLE_STRICT_OBJC_MSGSEND = YES;
				ENABLE_TESTABILITY = YES;
				GCC_C_LANGUAGE_STANDARD = gnu99;
				GCC_DYNAMIC_NO_PIC = NO;
				GCC_NO_COMMON_BLOCKS = YES;
				GCC_OPTIMIZATION_LEVEL = 0;
				GCC_PREPROCESSOR_DEFINITIONS = (
					"DEBUG=1",
					"$(inherited)",
				);
				GCC_WARN_64_TO_32_BIT_CONVERSION = YES;
				GCC_WARN_ABOUT_RETURN_TYPE = YES_ERROR;
				GCC_WARN_UNDECLARED_SELECTOR = YES;
				GCC_WARN_UNINITIALIZED_AUTOS = YES_AGGRESSIVE;
				GCC_WARN_UNUSED_FUNCTION = YES;
				GCC_WARN_UNUSED_VARIABLE = YES;
				IPHONEOS_DEPLOYMENT_TARGET = 10.3;
				MTL_ENABLE_DEBUG_INFO = YES;
				ONLY_ACTIVE_ARCH = YES;
				SDKROOT = iphoneos;
				SWIFT_ACTIVE_COMPILATION_CONDITIONS = DEBUG;
				SWIFT_OPTIMIZATION_LEVEL = "-Onone";
				TARGETED_DEVICE_FAMILY = "1,2";
			};
			name = Debug;
		};
		FF314CA21E7364E2008A1D68 /* Release */ = {
			isa = XCBuildConfiguration;
			buildSettings = {
				ALWAYS_SEARCH_USER_PATHS = NO;
				CLANG_ANALYZER_NONNULL = YES;
				CLANG_ANALYZER_NUMBER_OBJECT_CONVERSION = YES_AGGRESSIVE;
				CLANG_CXX_LANGUAGE_STANDARD = "gnu++0x";
				CLANG_CXX_LIBRARY = "libc++";
				CLANG_ENABLE_MODULES = YES;
				CLANG_ENABLE_OBJC_ARC = YES;
				CLANG_WARN_BOOL_CONVERSION = YES;
				CLANG_WARN_CONSTANT_CONVERSION = YES;
				CLANG_WARN_DIRECT_OBJC_ISA_USAGE = YES_ERROR;
				CLANG_WARN_DOCUMENTATION_COMMENTS = YES;
				CLANG_WARN_EMPTY_BODY = YES;
				CLANG_WARN_ENUM_CONVERSION = YES;
				CLANG_WARN_INFINITE_RECURSION = YES;
				CLANG_WARN_INT_CONVERSION = YES;
				CLANG_WARN_OBJC_ROOT_CLASS = YES_ERROR;
				CLANG_WARN_SUSPICIOUS_MOVE = YES;
				CLANG_WARN_UNREACHABLE_CODE = YES;
				CLANG_WARN__DUPLICATE_METHOD_MATCH = YES;
				"CODE_SIGN_IDENTITY[sdk=iphoneos*]" = "iPhone Developer";
				COPY_PHASE_STRIP = NO;
				DEBUG_INFORMATION_FORMAT = "dwarf-with-dsym";
				ENABLE_NS_ASSERTIONS = NO;
				ENABLE_STRICT_OBJC_MSGSEND = YES;
				GCC_C_LANGUAGE_STANDARD = gnu99;
				GCC_NO_COMMON_BLOCKS = YES;
				GCC_WARN_64_TO_32_BIT_CONVERSION = YES;
				GCC_WARN_ABOUT_RETURN_TYPE = YES_ERROR;
				GCC_WARN_UNDECLARED_SELECTOR = YES;
				GCC_WARN_UNINITIALIZED_AUTOS = YES_AGGRESSIVE;
				GCC_WARN_UNUSED_FUNCTION = YES;
				GCC_WARN_UNUSED_VARIABLE = YES;
				IPHONEOS_DEPLOYMENT_TARGET = 10.3;
				MTL_ENABLE_DEBUG_INFO = NO;
				SDKROOT = iphoneos;
				SWIFT_OPTIMIZATION_LEVEL = "-Owholemodule";
				TARGETED_DEVICE_FAMILY = "1,2";
				VALIDATE_PRODUCT = YES;
			};
			name = Release;
		};
		FF314CA41E7364E2008A1D68 /* Debug */ = {
			isa = XCBuildConfiguration;
			buildSettings = {
				ASSETCATALOG_COMPILER_APPICON_NAME = AppIcon;
				DEVELOPMENT_TEAM = 56AJJ634ZU;
				INFOPLIST_FILE = GitDemo/Info.plist;
				LD_RUNPATH_SEARCH_PATHS = "$(inherited) @executable_path/Frameworks";
				PRODUCT_BUNDLE_IDENTIFIER = com.example.Big0.GitDemo;
				PRODUCT_NAME = "$(TARGET_NAME)";
				SWIFT_VERSION = 3.0;
			};
			name = Debug;
		};
		FF314CA51E7364E2008A1D68 /* Release */ = {
			isa = XCBuildConfiguration;
			buildSettings = {
				ASSETCATALOG_COMPILER_APPICON_NAME = AppIcon;
				DEVELOPMENT_TEAM = 56AJJ634ZU;
				INFOPLIST_FILE = GitDemo/Info.plist;
				LD_RUNPATH_SEARCH_PATHS = "$(inherited) @executable_path/Frameworks";
				PRODUCT_BUNDLE_IDENTIFIER = com.example.Big0.GitDemo;
				PRODUCT_NAME = "$(TARGET_NAME)";
				SWIFT_VERSION = 3.0;
			};
			name = Release;
		};
/* End XCBuildConfiguration section */

/* Begin XCConfigurationList section */
		FF314C8C1E7364E2008A1D68 /* Build configuration list for PBXProject "GitDemo" */ = {
			isa = XCConfigurationList;
			buildConfigurations = (
				FF314CA11E7364E2008A1D68 /* Debug */,
				FF314CA21E7364E2008A1D68 /* Release */,
			);
			defaultConfigurationIsVisible = 0;
			defaultConfigurationName = Release;
		};
		FF314CA31E7364E2008A1D68 /* Build configuration list for PBXNativeTarget "GitDemo" */ = {
			isa = XCConfigurationList;
			buildConfigurations = (
				FF314CA41E7364E2008A1D68 /* Debug */,
				FF314CA51E7364E2008A1D68 /* Release */,
			);
			defaultConfigurationIsVisible = 0;
		};
/* End XCConfigurationList section */
	};
	rootObject = FF314C891E7364E2008A1D68 /* Project object */;
}
